# This file is generated by running "yarn install" inside your project.
# Manual changes might be lost - proceed with caution!

__metadata:
  version: 8
  cacheKey: 10c0

"@jsep-plugin/assignment@npm:^1.3.0":
  version: 1.3.0
  resolution: "@jsep-plugin/assignment@npm:1.3.0"
  peerDependencies:
    jsep: ^0.4.0||^1.0.0
  checksum: 10c0/d749554dc691798116eb068eebe2d9bcb0b0d89ef6c7cc7c2a9f37d03da15fdbf8053407e97008090cd1bd6f256ea6c26abbada7399cf79f0b6b502e164b084b
  languageName: node
  linkType: hard

"@jsep-plugin/regex@npm:^1.0.4":
  version: 1.0.4
  resolution: "@jsep-plugin/regex@npm:1.0.4"
  peerDependencies:
    jsep: ^0.4.0||^1.0.0
  checksum: 10c0/bec7eb7ea6ab453a2672edc808644c5be3dc06b2a9d77182e18cd595b37deba6dcdb3760849d8684afc5779a86b7d2604dd525cb612a548f9ed9f31a8032ec24
  languageName: node
  linkType: hard

"@types/node@npm:^22.10.5":
  version: 22.10.5
  resolution: "@types/node@npm:22.10.5"
  dependencies:
    undici-types: "npm:~6.20.0"
  checksum: 10c0/6a0e7d1fe6a86ef6ee19c3c6af4c15542e61aea2f4cee655b6252efb356795f1f228bc8299921e82924e80ff8eca29b74d9dd0dd5cc1a90983f892f740b480df
  languageName: node
  linkType: hard

"cappuccino@workspace:.":
  version: 0.0.0-use.local
  resolution: "cappuccino@workspace:."
  dependencies:
    "@types/node": "npm:^22.10.5"
    jsonpath-plus: "npm:^10.2.0"
    nanoid: "npm:^5.0.9"
    typescript: "npm:^5.7.3"
    yaml: "npm:^2.7.0"
  languageName: unknown
  linkType: soft

"jsep@npm:^1.4.0":
  version: 1.4.0
  resolution: "jsep@npm:1.4.0"
  checksum: 10c0/fe60adf47e050e22eadced42514a51a15a3cf0e2d147896584486acd8ee670fc16641101b9aeb81f4aaba382043d29744b7aac41171e8106515b14f27e0c7116
  languageName: node
  linkType: hard

"jsonpath-plus@npm:^10.2.0":
  version: 10.2.0
  resolution: "jsonpath-plus@npm:10.2.0"
  dependencies:
    "@jsep-plugin/assignment": "npm:^1.3.0"
    "@jsep-plugin/regex": "npm:^1.0.4"
    jsep: "npm:^1.4.0"
  bin:
    jsonpath: bin/jsonpath-cli.js
    jsonpath-plus: bin/jsonpath-cli.js
  checksum: 10c0/46480781a0a0b5347dc592fd69ef7ff0fa5a5e322a3f1f23997319e77ee937762366d722facafcc5e8d16101e9cdf1ae14df1f1777b2933990aadd0cdb20d8f5
  languageName: node
  linkType: hard

"nanoid@npm:^5.0.9":
  version: 5.0.9
  resolution: "nanoid@npm:5.0.9"
  bin:
    nanoid: bin/nanoid.js
  checksum: 10c0/a2d9710525d4998a8a1610bbe6eb9a92c254ebab7c567c1ab429046fe7eed9c4df3508b59fb44c58ffdc98edb28dd6f953715c14b64ea0a3a2ce37420cdfeefd
  languageName: node
  linkType: hard

"typescript@npm:^5.7.3":
  version: 5.7.3
  resolution: "typescript@npm:5.7.3"
  bin:
    tsc: bin/tsc
    tsserver: bin/tsserver
  checksum: 10c0/b7580d716cf1824736cc6e628ab4cd8b51877408ba2be0869d2866da35ef8366dd6ae9eb9d0851470a39be17cbd61df1126f9e211d8799d764ea7431d5435afa
  languageName: node
  linkType: hard

"typescript@patch:typescript@npm%3A^5.7.3#optional!builtin<compat/typescript>":
  version: 5.7.3
  resolution: "typescript@patch:typescript@npm%3A5.7.3#optional!builtin<compat/typescript>::version=5.7.3&hash=5786d5"
  bin:
    tsc: bin/tsc
    tsserver: bin/tsserver
  checksum: 10c0/6fd7e0ed3bf23a81246878c613423730c40e8bdbfec4c6e4d7bf1b847cbb39076e56ad5f50aa9d7ebd89877999abaee216002d3f2818885e41c907caaa192cc4
  languageName: node
  linkType: hard

"undici-types@npm:~6.20.0":
  version: 6.20.0
  resolution: "undici-types@npm:6.20.0"
  checksum: 10c0/68e659a98898d6a836a9a59e6adf14a5d799707f5ea629433e025ac90d239f75e408e2e5ff086afc3cace26f8b26ee52155293564593fbb4a2f666af57fc59bf
  languageName: node
  linkType: hard

"yaml@npm:^2.7.0":
  version: 2.7.0
  resolution: "yaml@npm:2.7.0"
  bin:
    yaml: bin.mjs
  checksum: 10c0/886a7d2abbd70704b79f1d2d05fe9fb0aa63aefb86e1cb9991837dced65193d300f5554747a872b4b10ae9a12bc5d5327e4d04205f70336e863e35e89d8f4ea9
  languageName: node
  linkType: hard
